PODS:
  - QminderAPI (1.14.0):
    - Starscream (~> 3.1)
  - Starscream (3.1.0)

DEPENDENCIES:
  - QminderAPI (from `../`)

SPEC REPOS:
  https://github.com/cocoapods/specs.git:
    - Starscream

EXTERNAL SOURCES:
  QminderAPI:
    :path: "../"

SPEC CHECKSUMS:
  QminderAPI: 74bb699a8e6db3747ff3767e9be29f45fb21eda1
  Starscream: 08172b481e145289c4930cb567230fb55897cfa4

PODFILE CHECKSUM: 8803218db304784d073990b287c0b1577218675a

COCOAPODS: 1.6.1
