PODS:
  - QminderAPI (1.10.0):
    - Starscream (~> 3.0)
  - Starscream (3.0.6)

DEPENDENCIES:
  - QminderAPI (from `../`)

SPEC REPOS:
  https://github.com/cocoapods/specs.git:
    - Starscream

EXTERNAL SOURCES:
  QminderAPI:
    :path: "../"

SPEC CHECKSUMS:
  QminderAPI: f0bc16a4bdc649fe7cb2cde9e3c9c76e2437f194
  Starscream: ef3ece99d765eeccb67de105bfa143f929026cf5

PODFILE CHECKSUM: 8803218db304784d073990b287c0b1577218675a

COCOAPODS: 1.6.0.beta.1
