PODS:
  - QminderAPI (1.17.1):
    - Starscream (~> 3.1)
  - Starscream (3.1.0)

DEPENDENCIES:
  - QminderAPI (from `../`)

SPEC REPOS:
  https://github.com/cocoapods/specs.git:
    - Starscream

EXTERNAL SOURCES:
  QminderAPI:
    :path: "../"

SPEC CHECKSUMS:
  QminderAPI: 2f33357d92da64e5feb518c0b2fe453ab2f01e6e
  Starscream: 08172b481e145289c4930cb567230fb55897cfa4

PODFILE CHECKSUM: 8803218db304784d073990b287c0b1577218675a

COCOAPODS: 1.7.5
